
Microsoft Visual Studio Solution File, Format Version 12.00
# Visual Studio Version 16
VisualStudioVersion = 16.0.31005.135
MinimumVisualStudioVersion = 10.0.40219.1
Project("{FAE04EC0-301F-11D3-BF4B-00C04F79EFBC}") = "NovelTool", "NovelTool\NovelTool.csproj", "{D787F082-276D-42CB-AF3A-560F5EC5BFEB}"
EndProject
Global
	GlobalSection(SolutionConfigurationPlatforms) = preSolution
		Debug|Any CPU = Debug|Any CPU
		Release|Any CPU = Release|Any CPU
	EndGlobalSection
	GlobalSection(ProjectConfigurationPlatforms) = postSolution
		{D787F082-276D-42CB-AF3A-560F5EC5BFEB}.Debug|Any CPU.ActiveCfg = Debug|Any CPU
		{D787F082-276D-42CB-AF3A-560F5EC5BFEB}.Debug|Any CPU.Build.0 = Debug|Any CPU
		{D787F082-276D-42CB-AF3A-560F5EC5BFEB}.Release|Any CPU.ActiveCfg = Release|Any CPU
		{D787F082-276D-42CB-AF3A-560F5EC5BFEB}.Release|Any CPU.Build.0 = Release|Any CPU
	EndGlobalSection
	GlobalSection(SolutionProperties) = preSolution
		HideSolutionNode = FALSE
	EndGlobalSection
	GlobalSection(ExtensibilityGlobals) = postSolution
		SolutionGuid = {4F7AAD63-2FC2-44D4-8C3B-BFA52B2F3C80}
	EndGlobalSection
EndGlobal
